
Microsoft Visual Studio Solution File, Format Version 12.00
# Visual Studio Version 16
VisualStudioVersion = 16.0.30804.86
MinimumVisualStudioVersion = 10.0.40219.1
Project("{FAE04EC0-301F-11D3-BF4B-00C04F79EFBC}") = "PersistentCollections", "PersistentCollections\PersistentCollections.csproj", "{63CC48F0-7C5B-4568-BB34-E6AF050A2052}"
EndProject
Global
	GlobalSection(SolutionConfigurationPlatforms) = preSolution
		Debug|Any CPU = Debug|Any CPU
		Release|Any CPU = Release|Any CPU
	EndGlobalSection
	GlobalSection(ProjectConfigurationPlatforms) = postSolution
		{63CC48F0-7C5B-4568-BB34-E6AF050A2052}.Debug|Any CPU.ActiveCfg = Debug|Any CPU
		{63CC48F0-7C5B-4568-BB34-E6AF050A2052}.Debug|Any CPU.Build.0 = Debug|Any CPU
		{63CC48F0-7C5B-4568-BB34-E6AF050A2052}.Release|Any CPU.ActiveCfg = Release|Any CPU
		{63CC48F0-7C5B-4568-BB34-E6AF050A2052}.Release|Any CPU.Build.0 = Release|Any CPU
	EndGlobalSection
	GlobalSection(SolutionProperties) = preSolution
		HideSolutionNode = FALSE
	EndGlobalSection
	GlobalSection(ExtensibilityGlobals) = postSolution
		SolutionGuid = {00AE028C-EC29-49AF-932C-CE35AD6916E6}
	EndGlobalSection
EndGlobal
